
Microsoft Visual Studio Solution File, Format Version 12.00
# Visual Studio 2015
Project("{FAE04EC0-301F-11D3-BF4B-00C04F79EFBC}") = "GoldenByte2016.CSharp", "GoldenByte2016.CSharp.csproj", "{DA15CCBC-58A6-0C0F-0031-A6F2AB2B2AD8}"
EndProject
Global
	GlobalSection(SolutionConfigurationPlatforms) = preSolution
		Debug|Any CPU = Debug|Any CPU
		Release|Any CPU = Release|Any CPU
	EndGlobalSection
	GlobalSection(ProjectConfigurationPlatforms) = postSolution
		{DA15CCBC-58A6-0C0F-0031-A6F2AB2B2AD8}.Debug|Any CPU.ActiveCfg = Debug|Any CPU
		{DA15CCBC-58A6-0C0F-0031-A6F2AB2B2AD8}.Debug|Any CPU.Build.0 = Debug|Any CPU
		{DA15CCBC-58A6-0C0F-0031-A6F2AB2B2AD8}.Release|Any CPU.ActiveCfg = Release|Any CPU
		{DA15CCBC-58A6-0C0F-0031-A6F2AB2B2AD8}.Release|Any CPU.Build.0 = Release|Any CPU
	EndGlobalSection
	GlobalSection(SolutionProperties) = preSolution
		HideSolutionNode = FALSE
	EndGlobalSection
EndGlobal
